<?xml version="1.0" encoding="utf-8"?>
<Project ToolsVersion="4.0" xmlns="http://schemas.microsoft.com/developer/msbuild/2003">
  <ItemGroup>
    <Filter Include="Файлы исходного кода">
      <UniqueIdentifier>{4FC737F1-C7A5-4376-A066-2A32D752A2FF}</UniqueIdentifier>
      <Extensions>cpp;c;cc;cxx;def;odl;idl;hpj;bat;asm;asmx</Extensions>
    </Filter>
    <Filter Include="Заголовочные файлы">
      <UniqueIdentifier>{93995380-89BD-4b04-88EB-625FBE52EBFB}</UniqueIdentifier>
      <Extensions>h;hh;hpp;hxx;hm;inl;inc;xsd</Extensions>
    </Filter>
    <Filter Include="Файлы ресурсов">
      <UniqueIdentifier>{67DA6AB6-F800-4c08-8B7A-83BB121AAD01}</UniqueIdentifier>
      <Extensions>rc;ico;cur;bmp;dlg;rc2;rct;bin;rgs;gif;jpg;jpeg;jpe;resx;tiff;tif;png;wav;mfcribbon-ms</Extensions>
    </Filter>
    <Filter Include="UI">
      <UniqueIdentifier>{f925186b-79ee-4112-81bc-4027e8fe7d6a}</UniqueIdentifier>
    </Filter>
  </ItemGroup>
  <ItemGroup>
    <ClInclude Include="Specialist.h">
      <Filter>Заголовочные файлы</Filter>
    </ClInclude>
    <ClInclude Include="Application.h">
      <Filter>Заголовочные файлы</Filter>
    </ClInclude>
    <ClInclude Include="CompletedProject.h">
      <Filter>Заголовочные файлы</Filter>
    </ClInclude>
    <ClInclude Include="Employee.h">
      <Filter>Заголовочные файлы</Filter>
    </ClInclude>
    <ClInclude Include="ITCompany.h">
      <Filter>Заголовочные файлы</Filter>
    </ClInclude>
    <ClInclude Include="Person.h">
      <Filter>Заголовочные файлы</Filter>
    </ClInclude>
    <ClInclude Include="Project.h">
      <Filter>Заголовочные файлы</Filter>
    </ClInclude>
    <ClInclude Include="UI\Button.h">
      <Filter>UI</Filter>
    </ClInclude>
    <ClInclude Include="UI\ComboBox.h">
      <Filter>UI</Filter>
    </ClInclude>
    <ClInclude Include="UI\Control.h">
      <Filter>UI</Filter>
    </ClInclude>
    <ClInclude Include="UI\Date.h">
      <Filter>UI</Filter>
    </ClInclude>
    <ClInclude Include="UI\Edit.h">
      <Filter>UI</Filter>
    </ClInclude>
    <ClInclude Include="UI\InputMenu.h">
      <Filter>UI</Filter>
    </ClInclude>
    <ClInclude Include="UI\Label.h">
      <Filter>UI</Filter>
    </ClInclude>
    <ClInclude Include="UI\Menu.h">
      <Filter>UI</Filter>
    </ClInclude>
    <ClInclude Include="UI\MessageMenu.h">
      <Filter>UI</Filter>
    </ClInclude>
    <ClInclude Include="UI\TableMenu.h">
      <Filter>UI</Filter>
    </ClInclude>
    <ClInclude Include="UI\Window.h">
      <Filter>UI</Filter>
    </ClInclude>
    <ClInclude Include="MSExcel.h">
      <Filter>Заголовочные файлы</Filter>
    </ClInclude>
    <ClInclude Include="TableOutput.h">
      <Filter>Заголовочные файлы</Filter>
    </ClInclude>
    <ClInclude Include="Converter.h">
      <Filter>Заголовочные файлы</Filter>
    </ClInclude>
    <ClInclude Include="FileManager.h">
      <Filter>Заголовочные файлы</Filter>
    </ClInclude>
  </ItemGroup>
  <ItemGroup>
    <ClCompile Include="Application.cpp">
      <Filter>Файлы исходного кода</Filter>
    </ClCompile>
    <ClCompile Include="CompletedProject.cpp">
      <Filter>Файлы исходного кода</Filter>
    </ClCompile>
    <ClCompile Include="Employee.cpp">
      <Filter>Файлы исходного кода</Filter>
    </ClCompile>
    <ClCompile Include="ITCompany.cpp">
      <Filter>Файлы исходного кода</Filter>
    </ClCompile>
    <ClCompile Include="Person.cpp">
      <Filter>Файлы исходного кода</Filter>
    </ClCompile>
    <ClCompile Include="Project.cpp">
      <Filter>Файлы исходного кода</Filter>
    </ClCompile>
    <ClCompile Include="Source.cpp">
      <Filter>Файлы исходного кода</Filter>
    </ClCompile>
    <ClCompile Include="Specialist.cpp">
      <Filter>Файлы исходного кода</Filter>
    </ClCompile>
    <ClCompile Include="UI\Button.cpp">
      <Filter>UI</Filter>
    </ClCompile>
    <ClCompile Include="UI\ComboBox.cpp">
      <Filter>UI</Filter>
    </ClCompile>
    <ClCompile Include="UI\Control.cpp">
      <Filter>UI</Filter>
    </ClCompile>
    <ClCompile Include="UI\Date.cpp">
      <Filter>UI</Filter>
    </ClCompile>
    <ClCompile Include="UI\Edit.cpp">
      <Filter>UI</Filter>
    </ClCompile>
    <ClCompile Include="UI\InputMenu.cpp">
      <Filter>UI</Filter>
    </ClCompile>
    <ClCompile Include="UI\Label.cpp">
      <Filter>UI</Filter>
    </ClCompile>
    <ClCompile Include="UI\Menu.cpp">
      <Filter>UI</Filter>
    </ClCompile>
    <ClCompile Include="UI\MessageMenu.cpp">
      <Filter>UI</Filter>
    </ClCompile>
    <ClCompile Include="UI\TableMenu.cpp">
      <Filter>UI</Filter>
    </ClCompile>
    <ClCompile Include="UI\Window.cpp">
      <Filter>UI</Filter>
    </ClCompile>
    <ClCompile Include="TableOutput.cpp">
      <Filter>Файлы исходного кода</Filter>
    </ClCompile>
  </ItemGroup>
</Project>